// !$*UTF8*$!
{
	archiveVersion = 1;
	classes = {
	};
	objectVersion = 46;
	objects = {

/* Begin PBXBuildFile section */
		5F40C2A11AC8E45000954ADE /* main.m in Sources */ = {isa = PBXBuildFile; fileRef = 5F40C2A01AC8E45000954ADE /* main.m */; };
		5F40C2A41AC8E45000954ADE /* AppDelegate.m in Sources */ = {isa = PBXBuildFile; fileRef = 5F40C2A31AC8E45000954ADE /* AppDelegate.m */; };
		5F40C2A71AC8E45000954ADE /* ViewController.m in Sources */ = {isa = PBXBuildFile; fileRef = 5F40C2A61AC8E45000954ADE /* ViewController.m */; };
		5F40C2AA1AC8E45000954ADE /* Main.storyboard in Resources */ = {isa = PBXBuildFile; fileRef = 5F40C2A81AC8E45000954ADE /* Main.storyboard */; };
		5F40C2AC1AC8E45000954ADE /* Images.xcassets in Resources */ = {isa = PBXBuildFile; fileRef = 5F40C2AB1AC8E45000954ADE /* Images.xcassets */; };
		5F40C2AF1AC8E45000954ADE /* LaunchScreen.xib in Resources */ = {isa = PBXBuildFile; fileRef = 5F40C2AD1AC8E45000954ADE /* LaunchScreen.xib */; };
		5F40C2C71AC8E4BB00954ADE /* FBSDKCoreKit.framework in Frameworks */ = {isa = PBXBuildFile; fileRef = 5F40C2C41AC8E4BB00954ADE /* FBSDKCoreKit.framework */; };
		5F40C2C81AC8E4BB00954ADE /* FBSDKLoginKit.framework in Frameworks */ = {isa = PBXBuildFile; fileRef = 5F40C2C51AC8E4BB00954ADE /* FBSDKLoginKit.framework */; };
		5F40C2C91AC8E4BB00954ADE /* FBSDKMessengerShareKit.framework in Frameworks */ = {isa = PBXBuildFile; fileRef = 5F40C2C61AC8E4BB00954ADE /* FBSDKMessengerShareKit.framework */; };
		5F40C2CB1AC8FFDB00954ADE /* FacebookMessengerHelper.m in Sources */ = {isa = PBXBuildFile; fileRef = 5F40C2CA1AC8FFDB00954ADE /* FacebookMessengerHelper.m */; };
		5FF06C001ACA964200B2C1E4 /* abhas.jpg in Resources */ = {isa = PBXBuildFile; fileRef = 5FF06BFF1ACA964200B2C1E4 /* abhas.jpg */; };
		5FF06C021ACA983900B2C1E4 /* swapan.jpg in Resources */ = {isa = PBXBuildFile; fileRef = 5FF06C011ACA983900B2C1E4 /* swapan.jpg */; };
		5FF06C041ACADF9B00B2C1E4 /* MessengerMessage.m in Sources */ = {isa = PBXBuildFile; fileRef = 5FF06C031ACADF9B00B2C1E4 /* MessengerMessage.m */; };
		5FF06C071ACB575000B2C1E4 /* FetchFacebookImage.m in Sources */ = {isa = PBXBuildFile; fileRef = 5FF06C061ACB575000B2C1E4 /* FetchFacebookImage.m */; };
		5FF3D2101AC951AB0023C624 /* MessageGenerator.m in Sources */ = {isa = PBXBuildFile; fileRef = 5FF3D20F1AC951AB0023C624 /* MessageGenerator.m */; };
		5FF3D2151AC96D3F0023C624 /* GameViewController.m in Sources */ = {isa = PBXBuildFile; fileRef = 5FF3D2141AC96D3F0023C624 /* GameViewController.m */; };
		5FF3D2181AC978C10023C624 /* BoardView.m in Sources */ = {isa = PBXBuildFile; fileRef = 5FF3D2171AC978C10023C624 /* BoardView.m */; };
/* End PBXBuildFile section */

/* Begin PBXFileReference section */
		5F40C29B1AC8E44F00954ADE /* teenpatti.app */ = {isa = PBXFileReference; explicitFileType = wrapper.application; includeInIndex = 0; path = teenpatti.app; sourceTree = BUILT_PRODUCTS_DIR; };
		5F40C29F1AC8E45000954ADE /* Info.plist */ = {isa = PBXFileReference; lastKnownFileType = text.plist.xml; path = Info.plist; sourceTree = "<group>"; };
		5F40C2A01AC8E45000954ADE /* main.m */ = {isa = PBXFileReference; lastKnownFileType = sourcecode.c.objc; path = main.m; sourceTree = "<group>"; };
		5F40C2A21AC8E45000954ADE /* AppDelegate.h */ = {isa = PBXFileReference; lastKnownFileType = sourcecode.c.h; path = AppDelegate.h; sourceTree = "<group>"; };
		5F40C2A31AC8E45000954ADE /* AppDelegate.m */ = {isa = PBXFileReference; lastKnownFileType = sourcecode.c.objc; path = AppDelegate.m; sourceTree = "<group>"; };
		5F40C2A51AC8E45000954ADE /* ViewController.h */ = {isa = PBXFileReference; lastKnownFileType = sourcecode.c.h; path = ViewController.h; sourceTree = "<group>"; };
		5F40C2A61AC8E45000954ADE /* ViewController.m */ = {isa = PBXFileReference; lastKnownFileType = sourcecode.c.objc; path = ViewController.m; sourceTree = "<group>"; };
		5F40C2A91AC8E45000954ADE /* Base */ = {isa = PBXFileReference; lastKnownFileType = file.storyboard; name = Base; path = Base.lproj/Main.storyboard; sourceTree = "<group>"; };
		5F40C2AB1AC8E45000954ADE /* Images.xcassets */ = {isa = PBXFileReference; lastKnownFileType = folder.assetcatalog; path = Images.xcassets; sourceTree = "<group>"; };
		5F40C2AE1AC8E45000954ADE /* Base */ = {isa = PBXFileReference; lastKnownFileType = file.xib; name = Base; path = Base.lproj/LaunchScreen.xib; sourceTree = "<group>"; };
		5F40C2B91AC8E45000954ADE /* Info.plist */ = {isa = PBXFileReference; lastKnownFileType = text.plist.xml; path = Info.plist; sourceTree = "<group>"; };
		5F40C2BA1AC8E45000954ADE /* MessengerTests.m */ = {isa = PBXFileReference; lastKnownFileType = sourcecode.c.objc; path = MessengerTests.m; sourceTree = "<group>"; };
		5F40C2C41AC8E4BB00954ADE /* FBSDKCoreKit.framework */ = {isa = PBXFileReference; lastKnownFileType = wrapper.framework; name = FBSDKCoreKit.framework; path = ../../../../../Documents/FacebookSDK/FBSDKCoreKit.framework; sourceTree = "<group>"; };
		5F40C2C51AC8E4BB00954ADE /* FBSDKLoginKit.framework */ = {isa = PBXFileReference; lastKnownFileType = wrapper.framework; name = FBSDKLoginKit.framework; path = ../../../../../Documents/FacebookSDK/FBSDKLoginKit.framework; sourceTree = "<group>"; };
		5F40C2C61AC8E4BB00954ADE /* FBSDKMessengerShareKit.framework */ = {isa = PBXFileReference; lastKnownFileType = wrapper.framework; name = FBSDKMessengerShareKit.framework; path = ../../../../../Documents/FacebookSDK/FBSDKMessengerShareKit.framework; sourceTree = "<group>"; };
		5F40C2CA1AC8FFDB00954ADE /* FacebookMessengerHelper.m */ = {isa = PBXFileReference; fileEncoding = 4; lastKnownFileType = sourcecode.c.objc; path = FacebookMessengerHelper.m; sourceTree = "<group>"; };
		5F40C2CC1AC8FFF200954ADE /* FacebookMessengerHelper.h */ = {isa = PBXFileReference; lastKnownFileType = sourcecode.c.h; path = FacebookMessengerHelper.h; sourceTree = "<group>"; };
		5FF06BFE1AC97FCB00B2C1E4 /* BoardView.h */ = {isa = PBXFileReference; lastKnownFileType = sourcecode.c.h; path = BoardView.h; sourceTree = "<group>"; };
		5FF06BFF1ACA964200B2C1E4 /* abhas.jpg */ = {isa = PBXFileReference; lastKnownFileType = image.jpeg; path = abhas.jpg; sourceTree = "<group>"; };
		5FF06C011ACA983900B2C1E4 /* swapan.jpg */ = {isa = PBXFileReference; lastKnownFileType = image.jpeg; path = swapan.jpg; sourceTree = "<group>"; };
		5FF06C031ACADF9B00B2C1E4 /* MessengerMessage.m */ = {isa = PBXFileReference; fileEncoding = 4; lastKnownFileType = sourcecode.c.objc; path = MessengerMessage.m; sourceTree = "<group>"; };
		5FF06C051ACADFDD00B2C1E4 /* MessengerMessage.h */ = {isa = PBXFileReference; lastKnownFileType = sourcecode.c.h; path = MessengerMessage.h; sourceTree = "<group>"; };
		5FF06C061ACB575000B2C1E4 /* FetchFacebookImage.m */ = {isa = PBXFileReference; fileEncoding = 4; lastKnownFileType = sourcecode.c.objc; path = FetchFacebookImage.m; sourceTree = "<group>"; };
		5FF06C081ACB576600B2C1E4 /* FetchFacebookImage.h */ = {isa = PBXFileReference; lastKnownFileType = sourcecode.c.h; path = FetchFacebookImage.h; sourceTree = "<group>"; };
		5FF3D20F1AC951AB0023C624 /* MessageGenerator.m */ = {isa = PBXFileReference; fileEncoding = 4; lastKnownFileType = sourcecode.c.objc; path = MessageGenerator.m; sourceTree = "<group>"; };
		5FF3D2111AC951BE0023C624 /* MessageGenerator.h */ = {isa = PBXFileReference; lastKnownFileType = sourcecode.c.h; path = MessageGenerator.h; sourceTree = "<group>"; };
		5FF3D2141AC96D3F0023C624 /* GameViewController.m */ = {isa = PBXFileReference; fileEncoding = 4; lastKnownFileType = sourcecode.c.objc; path = GameViewController.m; sourceTree = "<group>"; };
		5FF3D2161AC96D5C0023C624 /* GameViewController.h */ = {isa = PBXFileReference; lastKnownFileType = sourcecode.c.h; path = GameViewController.h; sourceTree = "<group>"; };
		5FF3D2171AC978C10023C624 /* BoardView.m */ = {isa = PBXFileReference; fileEncoding = 4; lastKnownFileType = sourcecode.c.objc; path = BoardView.m; sourceTree = "<group>"; };
/* End PBXFileReference section */

/* Begin PBXFrameworksBuildPhase section */
		5F40C2981AC8E44F00954ADE /* Frameworks */ = {
			isa = PBXFrameworksBuildPhase;
			buildActionMask = 2147483647;
			files = (
				5F40C2C71AC8E4BB00954ADE /* FBSDKCoreKit.framework in Frameworks */,
				5F40C2C81AC8E4BB00954ADE /* FBSDKLoginKit.framework in Frameworks */,
				5F40C2C91AC8E4BB00954ADE /* FBSDKMessengerShareKit.framework in Frameworks */,
			);
			runOnlyForDeploymentPostprocessing = 0;
		};
/* End PBXFrameworksBuildPhase section */

/* Begin PBXGroup section */
		5F40C2921AC8E44F00954ADE = {
			isa = PBXGroup;
			children = (
				5F40C2C41AC8E4BB00954ADE /* FBSDKCoreKit.framework */,
				5F40C2C51AC8E4BB00954ADE /* FBSDKLoginKit.framework */,
				5F40C2C61AC8E4BB00954ADE /* FBSDKMessengerShareKit.framework */,
				5F40C29D1AC8E44F00954ADE /* Messenger */,
				5F40C2B71AC8E45000954ADE /* MessengerTests */,
				5F40C29C1AC8E44F00954ADE /* Products */,
			);
			sourceTree = "<group>";
		};
		5F40C29C1AC8E44F00954ADE /* Products */ = {
			isa = PBXGroup;
			children = (
				5F40C29B1AC8E44F00954ADE /* teenpatti.app */,
			);
			name = Products;
			sourceTree = "<group>";
		};
		5F40C29D1AC8E44F00954ADE /* Messenger */ = {
			isa = PBXGroup;
			children = (
				5F40C2A21AC8E45000954ADE /* AppDelegate.h */,
				5F40C2A31AC8E45000954ADE /* AppDelegate.m */,
				5F40C2A51AC8E45000954ADE /* ViewController.h */,
				5F40C2A61AC8E45000954ADE /* ViewController.m */,
				5F40C2A81AC8E45000954ADE /* Main.storyboard */,
				5F40C2AB1AC8E45000954ADE /* Images.xcassets */,
				5F40C2AD1AC8E45000954ADE /* LaunchScreen.xib */,
				5F40C29E1AC8E45000954ADE /* Supporting Files */,
				5F40C2CA1AC8FFDB00954ADE /* FacebookMessengerHelper.m */,
				5F40C2CC1AC8FFF200954ADE /* FacebookMessengerHelper.h */,
				5FF3D20F1AC951AB0023C624 /* MessageGenerator.m */,
				5FF3D2111AC951BE0023C624 /* MessageGenerator.h */,
				5FF3D2141AC96D3F0023C624 /* GameViewController.m */,
				5FF3D2161AC96D5C0023C624 /* GameViewController.h */,
				5FF3D2171AC978C10023C624 /* BoardView.m */,
				5FF06BFE1AC97FCB00B2C1E4 /* BoardView.h */,
				5FF06C031ACADF9B00B2C1E4 /* MessengerMessage.m */,
				5FF06C051ACADFDD00B2C1E4 /* MessengerMessage.h */,
				5FF06C061ACB575000B2C1E4 /* FetchFacebookImage.m */,
				5FF06C081ACB576600B2C1E4 /* FetchFacebookImage.h */,
			);
			path = Messenger;
			sourceTree = "<group>";
		};
		5F40C29E1AC8E45000954ADE /* Supporting Files */ = {
			isa = PBXGroup;
			children = (
				5FF06C011ACA983900B2C1E4 /* swapan.jpg */,
				5FF06BFF1ACA964200B2C1E4 /* abhas.jpg */,
				5F40C29F1AC8E45000954ADE /* Info.plist */,
				5F40C2A01AC8E45000954ADE /* main.m */,
			);
			name = "Supporting Files";
			sourceTree = "<group>";
		};
		5F40C2B71AC8E45000954ADE /* MessengerTests */ = {
			isa = PBXGroup;
			children = (
				5F40C2BA1AC8E45000954ADE /* MessengerTests.m */,
				5F40C2B81AC8E45000954ADE /* Supporting Files */,
			);
			path = MessengerTests;
			sourceTree = "<group>";
		};
		5F40C2B81AC8E45000954ADE /* Supporting Files */ = {
			isa = PBXGroup;
			children = (
				5F40C2B91AC8E45000954ADE /* Info.plist */,
			);
			name = "Supporting Files";
			sourceTree = "<group>";
		};
/* End PBXGroup section */

/* Begin PBXNativeTarget section */
		5F40C29A1AC8E44F00954ADE /* Messenger */ = {
			isa = PBXNativeTarget;
			buildConfigurationList = 5F40C2BE1AC8E45000954ADE /* Build configuration list for PBXNativeTarget "Messenger" */;
			buildPhases = (
				5F40C2971AC8E44F00954ADE /* Sources */,
				5F40C2981AC8E44F00954ADE /* Frameworks */,
				5F40C2991AC8E44F00954ADE /* Resources */,
			);
			buildRules = (
			);
			dependencies = (
			);
			name = Messenger;
			productName = Messenger;
			productReference = 5F40C29B1AC8E44F00954ADE /* teenpatti.app */;
			productType = "com.apple.product-type.application";
		};
/* End PBXNativeTarget section */

/* Begin PBXProject section */
		5F40C2931AC8E44F00954ADE /* Project object */ = {
			isa = PBXProject;
			attributes = {
				LastUpgradeCheck = 0620;
				ORGANIZATIONNAME = "abhas saroha";
				TargetAttributes = {
					5F40C29A1AC8E44F00954ADE = {
						CreatedOnToolsVersion = 6.2;
						DevelopmentTeam = YFC8T84PY6;
					};
				};
			};
			buildConfigurationList = 5F40C2961AC8E44F00954ADE /* Build configuration list for PBXProject "Messenger" */;
			compatibilityVersion = "Xcode 3.2";
			developmentRegion = English;
			hasScannedForEncodings = 0;
			knownRegions = (
				en,
				Base,
			);
			mainGroup = 5F40C2921AC8E44F00954ADE;
			productRefGroup = 5F40C29C1AC8E44F00954ADE /* Products */;
			projectDirPath = "";
			projectRoot = "";
			targets = (
				5F40C29A1AC8E44F00954ADE /* Messenger */,
			);
		};
/* End PBXProject section */

/* Begin PBXResourcesBuildPhase section */
		5F40C2991AC8E44F00954ADE /* Resources */ = {
			isa = PBXResourcesBuildPhase;
			buildActionMask = 2147483647;
			files = (
				5FF06C001ACA964200B2C1E4 /* abhas.jpg in Resources */,
				5F40C2AA1AC8E45000954ADE /* Main.storyboard in Resources */,
				5F40C2AF1AC8E45000954ADE /* LaunchScreen.xib in Resources */,
				5FF06C021ACA983900B2C1E4 /* swapan.jpg in Resources */,
				5F40C2AC1AC8E45000954ADE /* Images.xcassets in Resources */,
			);
			runOnlyForDeploymentPostprocessing = 0;
		};
/* End PBXResourcesBuildPhase section */

/* Begin PBXSourcesBuildPhase section */
		5F40C2971AC8E44F00954ADE /* Sources */ = {
			isa = PBXSourcesBuildPhase;
			buildActionMask = 2147483647;
			files = (
				5FF06C071ACB575000B2C1E4 /* FetchFacebookImage.m in Sources */,
				5FF3D2101AC951AB0023C624 /* MessageGenerator.m in Sources */,
				5F40C2A71AC8E45000954ADE /* ViewController.m in Sources */,
				5F40C2A41AC8E45000954ADE /* AppDelegate.m in Sources */,
				5FF06C041ACADF9B00B2C1E4 /* MessengerMessage.m in Sources */,
				5F40C2A11AC8E45000954ADE /* main.m in Sources */,
				5FF3D2151AC96D3F0023C624 /* GameViewController.m in Sources */,
				5F40C2CB1AC8FFDB00954ADE /* FacebookMessengerHelper.m in Sources */,
				5FF3D2181AC978C10023C624 /* BoardView.m in Sources */,
			);
			runOnlyForDeploymentPostprocessing = 0;
		};
/* End PBXSourcesBuildPhase section */

/* Begin PBXVariantGroup section */
		5F40C2A81AC8E45000954ADE /* Main.storyboard */ = {
			isa = PBXVariantGroup;
			children = (
				5F40C2A91AC8E45000954ADE /* Base */,
			);
			name = Main.storyboard;
			sourceTree = "<group>";
		};
		5F40C2AD1AC8E45000954ADE /* LaunchScreen.xib */ = {
			isa = PBXVariantGroup;
			children = (
				5F40C2AE1AC8E45000954ADE /* Base */,
			);
			name = LaunchScreen.xib;
			sourceTree = "<group>";
		};
/* End PBXVariantGroup section */

/* Begin XCBuildConfiguration section */
		5F40C2BC1AC8E45000954ADE /* Debug */ = {
			isa = XCBuildConfiguration;
			buildSettings = {
				ALWAYS_SEARCH_USER_PATHS = NO;
				CLANG_CXX_LANGUAGE_STANDARD = "gnu++0x";
				CLANG_CXX_LIBRARY = "libc++";
				CLANG_ENABLE_MODULES = YES;
				CLANG_ENABLE_OBJC_ARC = YES;
				CLANG_WARN_BOOL_CONVERSION = YES;
				CLANG_WARN_CONSTANT_CONVERSION = YES;
				CLANG_WARN_DIRECT_OBJC_ISA_USAGE = YES_ERROR;
				CLANG_WARN_EMPTY_BODY = YES;
				CLANG_WARN_ENUM_CONVERSION = YES;
				CLANG_WARN_INT_CONVERSION = YES;
				CLANG_WARN_OBJC_ROOT_CLASS = YES_ERROR;
				CLANG_WARN_UNREACHABLE_CODE = YES;
				CLANG_WARN__DUPLICATE_METHOD_MATCH = YES;
				"CODE_SIGN_IDENTITY[sdk=iphoneos*]" = "iPhone Developer";
				COPY_PHASE_STRIP = NO;
				ENABLE_STRICT_OBJC_MSGSEND = YES;
				GCC_C_LANGUAGE_STANDARD = gnu99;
				GCC_DYNAMIC_NO_PIC = NO;
				GCC_OPTIMIZATION_LEVEL = 0;
				GCC_PREPROCESSOR_DEFINITIONS = (
					"DEBUG=1",
					"$(inherited)",
				);
				GCC_SYMBOLS_PRIVATE_EXTERN = NO;
				GCC_WARN_64_TO_32_BIT_CONVERSION = YES;
				GCC_WARN_ABOUT_RETURN_TYPE = YES_ERROR;
				GCC_WARN_UNDECLARED_SELECTOR = YES;
				GCC_WARN_UNINITIALIZED_AUTOS = YES_AGGRESSIVE;
				GCC_WARN_UNUSED_FUNCTION = YES;
				GCC_WARN_UNUSED_VARIABLE = YES;
				IPHONEOS_DEPLOYMENT_TARGET = 8.2;
				MTL_ENABLE_DEBUG_INFO = YES;
				ONLY_ACTIVE_ARCH = YES;
				SDKROOT = iphoneos;
				TARGETED_DEVICE_FAMILY = "1,2";
			};
			name = Debug;
		};
		5F40C2BD1AC8E45000954ADE /* Release */ = {
			isa = XCBuildConfiguration;
			buildSettings = {
				ALWAYS_SEARCH_USER_PATHS = NO;
				CLANG_CXX_LANGUAGE_STANDARD = "gnu++0x";
				CLANG_CXX_LIBRARY = "libc++";
				CLANG_ENABLE_MODULES = YES;
				CLANG_ENABLE_OBJC_ARC = YES;
				CLANG_WARN_BOOL_CONVERSION = YES;
				CLANG_WARN_CONSTANT_CONVERSION = YES;
				CLANG_WARN_DIRECT_OBJC_ISA_USAGE = YES_ERROR;
				CLANG_WARN_EMPTY_BODY = YES;
				CLANG_WARN_ENUM_CONVERSION = YES;
				CLANG_WARN_INT_CONVERSION = YES;
				CLANG_WARN_OBJC_ROOT_CLASS = YES_ERROR;
				CLANG_WARN_UNREACHABLE_CODE = YES;
				CLANG_WARN__DUPLICATE_METHOD_MATCH = YES;
				"CODE_SIGN_IDENTITY[sdk=iphoneos*]" = "iPhone Developer";
				COPY_PHASE_STRIP = NO;
				ENABLE_NS_ASSERTIONS = NO;
				ENABLE_STRICT_OBJC_MSGSEND = YES;
				GCC_C_LANGUAGE_STANDARD = gnu99;
				GCC_WARN_64_TO_32_BIT_CONVERSION = YES;
				GCC_WARN_ABOUT_RETURN_TYPE = YES_ERROR;
				GCC_WARN_UNDECLARED_SELECTOR = YES;
				GCC_WARN_UNINITIALIZED_AUTOS = YES_AGGRESSIVE;
				GCC_WARN_UNUSED_FUNCTION = YES;
				GCC_WARN_UNUSED_VARIABLE = YES;
				IPHONEOS_DEPLOYMENT_TARGET = 8.2;
				MTL_ENABLE_DEBUG_INFO = NO;
				SDKROOT = iphoneos;
				TARGETED_DEVICE_FAMILY = "1,2";
				VALIDATE_PRODUCT = YES;
			};
			name = Release;
		};
		5F40C2BF1AC8E45000954ADE /* Debug */ = {
			isa = XCBuildConfiguration;
			buildSettings = {
				ASSETCATALOG_COMPILER_APPICON_NAME = AppIcon;
				CODE_SIGN_IDENTITY = "iPhone Developer";
				"CODE_SIGN_IDENTITY[sdk=iphoneos*]" = "iPhone Developer";
				FRAMEWORK_SEARCH_PATHS = (
					"$(inherited)",
					/Users/abhassaroha/Documents/FacebookSDK,
				);
				INFOPLIST_FILE = Messenger/Info.plist;
				IPHONEOS_DEPLOYMENT_TARGET = 7.0;
				LD_RUNPATH_SEARCH_PATHS = "$(inherited) @executable_path/Frameworks";
				PRODUCT_NAME = teenpatti;
				PROVISIONING_PROFILE = "3456812B-E6AC-4361-9610-70021E573B32";
			};
			name = Debug;
		};
		5F40C2C01AC8E45000954ADE /* Release */ = {
			isa = XCBuildConfiguration;
			buildSettings = {
				ASSETCATALOG_COMPILER_APPICON_NAME = AppIcon;
				CODE_SIGN_IDENTITY = "iPhone Developer";
				"CODE_SIGN_IDENTITY[sdk=iphoneos*]" = "iPhone Developer";
				FRAMEWORK_SEARCH_PATHS = (
					"$(inherited)",
					/Users/abhassaroha/Documents/FacebookSDK,
				);
				INFOPLIST_FILE = Messenger/Info.plist;
				IPHONEOS_DEPLOYMENT_TARGET = 7.0;
				LD_RUNPATH_SEARCH_PATHS = "$(inherited) @executable_path/Frameworks";
				PRODUCT_NAME = teenpatti;
				PROVISIONING_PROFILE = "3456812B-E6AC-4361-9610-70021E573B32";
			};
			name = Release;
		};
/* End XCBuildConfiguration section */

/* Begin XCConfigurationList section */
		5F40C2961AC8E44F00954ADE /* Build configuration list for PBXProject "Messenger" */ = {
			isa = XCConfigurationList;
			buildConfigurations = (
				5F40C2BC1AC8E45000954ADE /* Debug */,
				5F40C2BD1AC8E45000954ADE /* Release */,
			);
			defaultConfigurationIsVisible = 0;
			defaultConfigurationName = Release;
		};
		5F40C2BE1AC8E45000954ADE /* Build configuration list for PBXNativeTarget "Messenger" */ = {
			isa = XCConfigurationList;
			buildConfigurations = (
				5F40C2BF1AC8E45000954ADE /* Debug */,
				5F40C2C01AC8E45000954ADE /* Release */,
			);
			defaultConfigurationIsVisible = 0;
			defaultConfigurationName = Release;
		};
/* End XCConfigurationList section */
	};
	rootObject = 5F40C2931AC8E44F00954ADE /* Project object */;
}
